
Microsoft Visual Studio Solution File, Format Version 12.00
# Visual Studio Version 16
VisualStudioVersion = 16.0.30907.101
MinimumVisualStudioVersion = 10.0.40219.1
Project("{FAE04EC0-301F-11D3-BF4B-00C04F79EFBC}") = "FormWebSite.Bussiness", "FormWebSite.Bussiness\FormWebSite.Bussiness.csproj", "{1B4EC546-F15E-4613-8C25-23380F9B855E}"
EndProject
Project("{FAE04EC0-301F-11D3-BF4B-00C04F79EFBC}") = "FormWebSite.WEB", "FormWebSite.WEB\FormWebSite.WEB.csproj", "{4E0CCBF7-CAB6-468B-BBD4-848082A00341}"
EndProject
Project("{FAE04EC0-301F-11D3-BF4B-00C04F79EFBC}") = "FormWebSite.Core", "FormWebSite.Core\FormWebSite.Core.csproj", "{8727A16E-2746-45F9-A0AF-7CE08BC5EEF4}"
EndProject
Project("{FAE04EC0-301F-11D3-BF4B-00C04F79EFBC}") = "FormWebSite.Entities", "FormWebSite.Entities\FormWebSite.Entities.csproj", "{504CBE21-42AE-4B4C-902E-35B3187D9549}"
EndProject
Project("{FAE04EC0-301F-11D3-BF4B-00C04F79EFBC}") = "FormWebSite.DataAccess", "FormWebSite.DataAccess\FormWebSite.DataAccess.csproj", "{09E1DD93-231F-4012-940F-5377F6E1CE64}"
EndProject
Global
	GlobalSection(SolutionConfigurationPlatforms) = preSolution
		Debug|Any CPU = Debug|Any CPU
		Release|Any CPU = Release|Any CPU
	EndGlobalSection
	GlobalSection(ProjectConfigurationPlatforms) = postSolution
		{1B4EC546-F15E-4613-8C25-23380F9B855E}.Debug|Any CPU.ActiveCfg = Debug|Any CPU
		{1B4EC546-F15E-4613-8C25-23380F9B855E}.Debug|Any CPU.Build.0 = Debug|Any CPU
		{1B4EC546-F15E-4613-8C25-23380F9B855E}.Release|Any CPU.ActiveCfg = Release|Any CPU
		{1B4EC546-F15E-4613-8C25-23380F9B855E}.Release|Any CPU.Build.0 = Release|Any CPU
		{4E0CCBF7-CAB6-468B-BBD4-848082A00341}.Debug|Any CPU.ActiveCfg = Debug|Any CPU
		{4E0CCBF7-CAB6-468B-BBD4-848082A00341}.Debug|Any CPU.Build.0 = Debug|Any CPU
		{4E0CCBF7-CAB6-468B-BBD4-848082A00341}.Release|Any CPU.ActiveCfg = Release|Any CPU
		{4E0CCBF7-CAB6-468B-BBD4-848082A00341}.Release|Any CPU.Build.0 = Release|Any CPU
		{8727A16E-2746-45F9-A0AF-7CE08BC5EEF4}.Debug|Any CPU.ActiveCfg = Debug|Any CPU
		{8727A16E-2746-45F9-A0AF-7CE08BC5EEF4}.Debug|Any CPU.Build.0 = Debug|Any CPU
		{8727A16E-2746-45F9-A0AF-7CE08BC5EEF4}.Release|Any CPU.ActiveCfg = Release|Any CPU
		{8727A16E-2746-45F9-A0AF-7CE08BC5EEF4}.Release|Any CPU.Build.0 = Release|Any CPU
		{504CBE21-42AE-4B4C-902E-35B3187D9549}.Debug|Any CPU.ActiveCfg = Debug|Any CPU
		{504CBE21-42AE-4B4C-902E-35B3187D9549}.Debug|Any CPU.Build.0 = Debug|Any CPU
		{504CBE21-42AE-4B4C-902E-35B3187D9549}.Release|Any CPU.ActiveCfg = Release|Any CPU
		{504CBE21-42AE-4B4C-902E-35B3187D9549}.Release|Any CPU.Build.0 = Release|Any CPU
		{09E1DD93-231F-4012-940F-5377F6E1CE64}.Debug|Any CPU.ActiveCfg = Debug|Any CPU
		{09E1DD93-231F-4012-940F-5377F6E1CE64}.Debug|Any CPU.Build.0 = Debug|Any CPU
		{09E1DD93-231F-4012-940F-5377F6E1CE64}.Release|Any CPU.ActiveCfg = Release|Any CPU
		{09E1DD93-231F-4012-940F-5377F6E1CE64}.Release|Any CPU.Build.0 = Release|Any CPU
	EndGlobalSection
	GlobalSection(SolutionProperties) = preSolution
		HideSolutionNode = FALSE
	EndGlobalSection
	GlobalSection(ExtensibilityGlobals) = postSolution
		SolutionGuid = {10C0009D-157A-4FDF-9620-3D8604C69083}
	EndGlobalSection
EndGlobal
